
Microsoft Visual Studio Solution File, Format Version 12.00
# Visual Studio Version 17
VisualStudioVersion = 17.5.33502.453
MinimumVisualStudioVersion = 10.0.40219.1
Project("{FAE04EC0-301F-11D3-BF4B-00C04F79EFBC}") = "Mvc_Kelime_Ceviri_Uygulamasi", "Mvc_Kelime_Ceviri_Uygulamasi\Mvc_Kelime_Ceviri_Uygulamasi.csproj", "{58F9D8C1-7723-4895-9CD9-34B1E2B5C2E4}"
EndProject
Global
	GlobalSection(SolutionConfigurationPlatforms) = preSolution
		Debug|Any CPU = Debug|Any CPU
		Release|Any CPU = Release|Any CPU
	EndGlobalSection
	GlobalSection(ProjectConfigurationPlatforms) = postSolution
		{58F9D8C1-7723-4895-9CD9-34B1E2B5C2E4}.Debug|Any CPU.ActiveCfg = Debug|Any CPU
		{58F9D8C1-7723-4895-9CD9-34B1E2B5C2E4}.Debug|Any CPU.Build.0 = Debug|Any CPU
		{58F9D8C1-7723-4895-9CD9-34B1E2B5C2E4}.Release|Any CPU.ActiveCfg = Release|Any CPU
		{58F9D8C1-7723-4895-9CD9-34B1E2B5C2E4}.Release|Any CPU.Build.0 = Release|Any CPU
	EndGlobalSection
	GlobalSection(SolutionProperties) = preSolution
		HideSolutionNode = FALSE
	EndGlobalSection
	GlobalSection(ExtensibilityGlobals) = postSolution
		SolutionGuid = {8F437FC3-EAE4-4318-B6D9-EEE434A86BE9}
	EndGlobalSection
EndGlobal
